
Microsoft Visual Studio Solution File, Format Version 12.00
# Visual Studio Version 17
VisualStudioVersion = 17.14.36327.8 d17.14
MinimumVisualStudioVersion = 10.0.40219.1
Project("{FAE04EC0-301F-11D3-BF4B-00C04F79EFBC}") = "C#Console", "C#Console\C#Console.csproj", "{54DBC89E-AF1C-4BDF-ACC0-7F6C7C8C344C}"
EndProject
Global
	GlobalSection(SolutionConfigurationPlatforms) = preSolution
		Debug|Any CPU = Debug|Any CPU
		Release|Any CPU = Release|Any CPU
	EndGlobalSection
	GlobalSection(ProjectConfigurationPlatforms) = postSolution
		{54DBC89E-AF1C-4BDF-ACC0-7F6C7C8C344C}.Debug|Any CPU.ActiveCfg = Debug|Any CPU
		{54DBC89E-AF1C-4BDF-ACC0-7F6C7C8C344C}.Debug|Any CPU.Build.0 = Debug|Any CPU
		{54DBC89E-AF1C-4BDF-ACC0-7F6C7C8C344C}.Release|Any CPU.ActiveCfg = Release|Any CPU
		{54DBC89E-AF1C-4BDF-ACC0-7F6C7C8C344C}.Release|Any CPU.Build.0 = Release|Any CPU
	EndGlobalSection
	GlobalSection(SolutionProperties) = preSolution
		HideSolutionNode = FALSE
	EndGlobalSection
	GlobalSection(ExtensibilityGlobals) = postSolution
		SolutionGuid = {F7A12B1D-84E8-435B-9424-93E80DB93F45}
	EndGlobalSection
EndGlobal
